
Microsoft Visual Studio Solution File, Format Version 12.00
# Visual Studio Version 17
VisualStudioVersion = 17.11.35312.102
MinimumVisualStudioVersion = 10.0.40219.1
Project("{FAE04EC0-301F-11D3-BF4B-00C04F79EFBC}") = "MauiApp3", "MauiApp3.csproj", "{C11CD462-4272-4254-A356-428A76CB3FDB}"
EndProject
Global
	GlobalSection(SolutionConfigurationPlatforms) = preSolution
		Debug|Any CPU = Debug|Any CPU
		Release|Any CPU = Release|Any CPU
	EndGlobalSection
	GlobalSection(ProjectConfigurationPlatforms) = postSolution
		{C11CD462-4272-4254-A356-428A76CB3FDB}.Debug|Any CPU.ActiveCfg = Debug|Any CPU
		{C11CD462-4272-4254-A356-428A76CB3FDB}.Debug|Any CPU.Build.0 = Debug|Any CPU
		{C11CD462-4272-4254-A356-428A76CB3FDB}.Debug|Any CPU.Deploy.0 = Debug|Any CPU
		{C11CD462-4272-4254-A356-428A76CB3FDB}.Release|Any CPU.ActiveCfg = Release|Any CPU
		{C11CD462-4272-4254-A356-428A76CB3FDB}.Release|Any CPU.Build.0 = Release|Any CPU
		{C11CD462-4272-4254-A356-428A76CB3FDB}.Release|Any CPU.Deploy.0 = Release|Any CPU
	EndGlobalSection
	GlobalSection(SolutionProperties) = preSolution
		HideSolutionNode = FALSE
	EndGlobalSection
	GlobalSection(ExtensibilityGlobals) = postSolution
		SolutionGuid = {1A884454-9C57-4961-A604-5E9E004F42F4}
	EndGlobalSection
EndGlobal
